// !$*UTF8*$!
{
	archiveVersion = 1;
	classes = {
	};
	objectVersion = 55;
	objects = {

/* Begin PBXBuildFile section */
		FEC2E7BC276A311F00C6A45D /* ListView.swift in Sources */ = {isa = PBXBuildFile; fileRef = FEC2E7BB276A311F00C6A45D /* ListView.swift */; };
		FEC2E7BE276AB16B00C6A45D /* OutputValueView.swift in Sources */ = {isa = PBXBuildFile; fileRef = FEC2E7BD276AB16B00C6A45D /* OutputValueView.swift */; };
		FEC2E7C0276AB23800C6A45D /* SectionLabelView.swift in Sources */ = {isa = PBXBuildFile; fileRef = FEC2E7BF276AB23700C6A45D /* SectionLabelView.swift */; };
		FEE42A722767DBA6005E2B4D /* MetricConverterAppApp.swift in Sources */ = {isa = PBXBuildFile; fileRef = FEE42A712767DBA6005E2B4D /* MetricConverterAppApp.swift */; };
		FEE42A742767DBA6005E2B4D /* ContentView.swift in Sources */ = {isa = PBXBuildFile; fileRef = FEE42A732767DBA6005E2B4D /* ContentView.swift */; };
		FEE42A762767DBAF005E2B4D /* Assets.xcassets in Resources */ = {isa = PBXBuildFile; fileRef = FEE42A752767DBAF005E2B4D /* Assets.xcassets */; };
		FEE42A792767DBAF005E2B4D /* Preview Assets.xcassets in Resources */ = {isa = PBXBuildFile; fileRef = FEE42A782767DBAF005E2B4D /* Preview Assets.xcassets */; };
		FEE42A812767DBF7005E2B4D /* KgsToLbs.swift in Sources */ = {isa = PBXBuildFile; fileRef = FEE42A802767DBF7005E2B4D /* KgsToLbs.swift */; };
		FEE42A832767DC1A005E2B4D /* FeetAndInchesToCm.swift in Sources */ = {isa = PBXBuildFile; fileRef = FEE42A822767DC1A005E2B4D /* FeetAndInchesToCm.swift */; };
		FEE42A852767DC2A005E2B4D /* MilesToKm.swift in Sources */ = {isa = PBXBuildFile; fileRef = FEE42A842767DC29005E2B4D /* MilesToKm.swift */; };
		FEE42A872767DC44005E2B4D /* GallonsToLiters.swift in Sources */ = {isa = PBXBuildFile; fileRef = FEE42A862767DC44005E2B4D /* GallonsToLiters.swift */; };
/* End PBXBuildFile section */

/* Begin PBXFileReference section */
		FEC2E7BB276A311F00C6A45D /* ListView.swift */ = {isa = PBXFileReference; lastKnownFileType = sourcecode.swift; path = ListView.swift; sourceTree = "<group>"; };
		FEC2E7BD276AB16B00C6A45D /* OutputValueView.swift */ = {isa = PBXFileReference; lastKnownFileType = sourcecode.swift; path = OutputValueView.swift; sourceTree = "<group>"; };
		FEC2E7BF276AB23700C6A45D /* SectionLabelView.swift */ = {isa = PBXFileReference; lastKnownFileType = sourcecode.swift; name = SectionLabelView.swift; path = ../../../SectionLabelView.swift; sourceTree = "<group>"; };
		FEE42A6E2767DBA6005E2B4D /* MetricConverterApp.app */ = {isa = PBXFileReference; explicitFileType = wrapper.application; includeInIndex = 0; path = MetricConverterApp.app; sourceTree = BUILT_PRODUCTS_DIR; };
		FEE42A712767DBA6005E2B4D /* MetricConverterAppApp.swift */ = {isa = PBXFileReference; lastKnownFileType = sourcecode.swift; path = MetricConverterAppApp.swift; sourceTree = "<group>"; };
		FEE42A732767DBA6005E2B4D /* ContentView.swift */ = {isa = PBXFileReference; lastKnownFileType = sourcecode.swift; path = ContentView.swift; sourceTree = "<group>"; };
		FEE42A752767DBAF005E2B4D /* Assets.xcassets */ = {isa = PBXFileReference; lastKnownFileType = folder.assetcatalog; path = Assets.xcassets; sourceTree = "<group>"; };
		FEE42A782767DBAF005E2B4D /* Preview Assets.xcassets */ = {isa = PBXFileReference; lastKnownFileType = folder.assetcatalog; path = "Preview Assets.xcassets"; sourceTree = "<group>"; };
		FEE42A802767DBF7005E2B4D /* KgsToLbs.swift */ = {isa = PBXFileReference; lastKnownFileType = sourcecode.swift; name = KgsToLbs.swift; path = ../../../KgsToLbs.swift; sourceTree = "<group>"; };
		FEE42A822767DC1A005E2B4D /* FeetAndInchesToCm.swift */ = {isa = PBXFileReference; lastKnownFileType = sourcecode.swift; path = FeetAndInchesToCm.swift; sourceTree = "<group>"; };
		FEE42A842767DC29005E2B4D /* MilesToKm.swift */ = {isa = PBXFileReference; lastKnownFileType = sourcecode.swift; path = MilesToKm.swift; sourceTree = "<group>"; };
		FEE42A862767DC44005E2B4D /* GallonsToLiters.swift */ = {isa = PBXFileReference; lastKnownFileType = sourcecode.swift; path = GallonsToLiters.swift; sourceTree = "<group>"; };
/* End PBXFileReference section */

/* Begin PBXFrameworksBuildPhase section */
		FEE42A6B2767DBA6005E2B4D /* Frameworks */ = {
			isa = PBXFrameworksBuildPhase;
			buildActionMask = 2147483647;
			files = (
			);
			runOnlyForDeploymentPostprocessing = 0;
		};
/* End PBXFrameworksBuildPhase section */

/* Begin PBXGroup section */
		FEE42A652767DBA6005E2B4D = {
			isa = PBXGroup;
			children = (
				FEE42A702767DBA6005E2B4D /* MetricConverterApp */,
				FEE42A6F2767DBA6005E2B4D /* Products */,
			);
			sourceTree = "<group>";
		};
		FEE42A6F2767DBA6005E2B4D /* Products */ = {
			isa = PBXGroup;
			children = (
				FEE42A6E2767DBA6005E2B4D /* MetricConverterApp.app */,
			);
			name = Products;
			sourceTree = "<group>";
		};
		FEE42A702767DBA6005E2B4D /* MetricConverterApp */ = {
			isa = PBXGroup;
			children = (
				FEE42A712767DBA6005E2B4D /* MetricConverterAppApp.swift */,
				FEE42A732767DBA6005E2B4D /* ContentView.swift */,
				FEE42A7F2767DBD6005E2B4D /* Views */,
				FEE42A752767DBAF005E2B4D /* Assets.xcassets */,
				FEE42A772767DBAF005E2B4D /* Preview Content */,
			);
			path = MetricConverterApp;
			sourceTree = "<group>";
		};
		FEE42A772767DBAF005E2B4D /* Preview Content */ = {
			isa = PBXGroup;
			children = (
				FEE42A782767DBAF005E2B4D /* Preview Assets.xcassets */,
			);
			path = "Preview Content";
			sourceTree = "<group>";
		};
		FEE42A7F2767DBD6005E2B4D /* Views */ = {
			isa = PBXGroup;
			children = (
				FEC2E7BB276A311F00C6A45D /* ListView.swift */,
				FEE42A802767DBF7005E2B4D /* KgsToLbs.swift */,
				FEE42A822767DC1A005E2B4D /* FeetAndInchesToCm.swift */,
				FEE42A842767DC29005E2B4D /* MilesToKm.swift */,
				FEE42A862767DC44005E2B4D /* GallonsToLiters.swift */,
				FEC2E7BD276AB16B00C6A45D /* OutputValueView.swift */,
				FEC2E7BF276AB23700C6A45D /* SectionLabelView.swift */,
			);
			path = Views;
			sourceTree = "<group>";
		};
/* End PBXGroup section */

/* Begin PBXNativeTarget section */
		FEE42A6D2767DBA6005E2B4D /* MetricConverterApp */ = {
			isa = PBXNativeTarget;
			buildConfigurationList = FEE42A7C2767DBAF005E2B4D /* Build configuration list for PBXNativeTarget "MetricConverterApp" */;
			buildPhases = (
				FEE42A6A2767DBA6005E2B4D /* Sources */,
				FEE42A6B2767DBA6005E2B4D /* Frameworks */,
				FEE42A6C2767DBA6005E2B4D /* Resources */,
			);
			buildRules = (
			);
			dependencies = (
			);
			name = MetricConverterApp;
			productName = MetricConverterApp;
			productReference = FEE42A6E2767DBA6005E2B4D /* MetricConverterApp.app */;
			productType = "com.apple.product-type.application";
		};
/* End PBXNativeTarget section */

/* Begin PBXProject section */
		FEE42A662767DBA6005E2B4D /* Project object */ = {
			isa = PBXProject;
			attributes = {
				BuildIndependentTargetsInParallel = 1;
				LastSwiftUpdateCheck = 1300;
				LastUpgradeCheck = 1300;
				TargetAttributes = {
					FEE42A6D2767DBA6005E2B4D = {
						CreatedOnToolsVersion = 13.0;
					};
				};
			};
			buildConfigurationList = FEE42A692767DBA6005E2B4D /* Build configuration list for PBXProject "MetricConverterApp" */;
			compatibilityVersion = "Xcode 13.0";
			developmentRegion = en;
			hasScannedForEncodings = 0;
			knownRegions = (
				en,
				Base,
			);
			mainGroup = FEE42A652767DBA6005E2B4D;
			productRefGroup = FEE42A6F2767DBA6005E2B4D /* Products */;
			projectDirPath = "";
			projectRoot = "";
			targets = (
				FEE42A6D2767DBA6005E2B4D /* MetricConverterApp */,
			);
		};
/* End PBXProject section */

/* Begin PBXResourcesBuildPhase section */
		FEE42A6C2767DBA6005E2B4D /* Resources */ = {
			isa = PBXResourcesBuildPhase;
			buildActionMask = 2147483647;
			files = (
				FEE42A792767DBAF005E2B4D /* Preview Assets.xcassets in Resources */,
				FEE42A762767DBAF005E2B4D /* Assets.xcassets in Resources */,
			);
			runOnlyForDeploymentPostprocessing = 0;
		};
/* End PBXResourcesBuildPhase section */

/* Begin PBXSourcesBuildPhase section */
		FEE42A6A2767DBA6005E2B4D /* Sources */ = {
			isa = PBXSourcesBuildPhase;
			buildActionMask = 2147483647;
			files = (
				FEE42A812767DBF7005E2B4D /* KgsToLbs.swift in Sources */,
				FEC2E7BE276AB16B00C6A45D /* OutputValueView.swift in Sources */,
				FEE42A852767DC2A005E2B4D /* MilesToKm.swift in Sources */,
				FEC2E7C0276AB23800C6A45D /* SectionLabelView.swift in Sources */,
				FEE42A742767DBA6005E2B4D /* ContentView.swift in Sources */,
				FEC2E7BC276A311F00C6A45D /* ListView.swift in Sources */,
				FEE42A832767DC1A005E2B4D /* FeetAndInchesToCm.swift in Sources */,
				FEE42A872767DC44005E2B4D /* GallonsToLiters.swift in Sources */,
				FEE42A722767DBA6005E2B4D /* MetricConverterAppApp.swift in Sources */,
			);
			runOnlyForDeploymentPostprocessing = 0;
		};
/* End PBXSourcesBuildPhase section */

/* Begin XCBuildConfiguration section */
		FEE42A7A2767DBAF005E2B4D /* Debug */ = {
			isa = XCBuildConfiguration;
			buildSettings = {
				ALWAYS_SEARCH_USER_PATHS = NO;
				CLANG_ANALYZER_NONNULL = YES;
				CLANG_ANALYZER_NUMBER_OBJECT_CONVERSION = YES_AGGRESSIVE;
				CLANG_CXX_LANGUAGE_STANDARD = "gnu++17";
				CLANG_CXX_LIBRARY = "libc++";
				CLANG_ENABLE_MODULES = YES;
				CLANG_ENABLE_OBJC_ARC = YES;
				CLANG_ENABLE_OBJC_WEAK = YES;
				CLANG_WARN_BLOCK_CAPTURE_AUTORELEASING = YES;
				CLANG_WARN_BOOL_CONVERSION = YES;
				CLANG_WARN_COMMA = YES;
				CLANG_WARN_CONSTANT_CONVERSION = YES;
				CLANG_WARN_DEPRECATED_OBJC_IMPLEMENTATIONS = YES;
				CLANG_WARN_DIRECT_OBJC_ISA_USAGE = YES_ERROR;
				CLANG_WARN_DOCUMENTATION_COMMENTS = YES;
				CLANG_WARN_EMPTY_BODY = YES;
				CLANG_WARN_ENUM_CONVERSION = YES;
				CLANG_WARN_INFINITE_RECURSION = YES;
				CLANG_WARN_INT_CONVERSION = YES;
				CLANG_WARN_NON_LITERAL_NULL_CONVERSION = YES;
				CLANG_WARN_OBJC_IMPLICIT_RETAIN_SELF = YES;
				CLANG_WARN_OBJC_LITERAL_CONVERSION = YES;
				CLANG_WARN_OBJC_ROOT_CLASS = YES_ERROR;
				CLANG_WARN_QUOTED_INCLUDE_IN_FRAMEWORK_HEADER = YES;
				CLANG_WARN_RANGE_LOOP_ANALYSIS = YES;
				CLANG_WARN_STRICT_PROTOTYPES = YES;
				CLANG_WARN_SUSPICIOUS_MOVE = YES;
				CLANG_WARN_UNGUARDED_AVAILABILITY = YES_AGGRESSIVE;
				CLANG_WARN_UNREACHABLE_CODE = YES;
				CLANG_WARN__DUPLICATE_METHOD_MATCH = YES;
				COPY_PHASE_STRIP = NO;
				DEBUG_INFORMATION_FORMAT = dwarf;
				ENABLE_STRICT_OBJC_MSGSEND = YES;
				ENABLE_TESTABILITY = YES;
				GCC_C_LANGUAGE_STANDARD = gnu11;
				GCC_DYNAMIC_NO_PIC = NO;
				GCC_NO_COMMON_BLOCKS = YES;
				GCC_OPTIMIZATION_LEVEL = 0;
				GCC_PREPROCESSOR_DEFINITIONS = (
					"DEBUG=1",
					"$(inherited)",
				);
				GCC_WARN_64_TO_32_BIT_CONVERSION = YES;
				GCC_WARN_ABOUT_RETURN_TYPE = YES_ERROR;
				GCC_WARN_UNDECLARED_SELECTOR = YES;
				GCC_WARN_UNINITIALIZED_AUTOS = YES_AGGRESSIVE;
				GCC_WARN_UNUSED_FUNCTION = YES;
				GCC_WARN_UNUSED_VARIABLE = YES;
				IPHONEOS_DEPLOYMENT_TARGET = 15.0;
				MTL_ENABLE_DEBUG_INFO = INCLUDE_SOURCE;
				MTL_FAST_MATH = YES;
				ONLY_ACTIVE_ARCH = YES;
				SDKROOT = iphoneos;
				SWIFT_ACTIVE_COMPILATION_CONDITIONS = DEBUG;
				SWIFT_OPTIMIZATION_LEVEL = "-Onone";
			};
			name = Debug;
		};
		FEE42A7B2767DBAF005E2B4D /* Release */ = {
			isa = XCBuildConfiguration;
			buildSettings = {
				ALWAYS_SEARCH_USER_PATHS = NO;
				CLANG_ANALYZER_NONNULL = YES;
				CLANG_ANALYZER_NUMBER_OBJECT_CONVERSION = YES_AGGRESSIVE;
				CLANG_CXX_LANGUAGE_STANDARD = "gnu++17";
				CLANG_CXX_LIBRARY = "libc++";
				CLANG_ENABLE_MODULES = YES;
				CLANG_ENABLE_OBJC_ARC = YES;
				CLANG_ENABLE_OBJC_WEAK = YES;
				CLANG_WARN_BLOCK_CAPTURE_AUTORELEASING = YES;
				CLANG_WARN_BOOL_CONVERSION = YES;
				CLANG_WARN_COMMA = YES;
				CLANG_WARN_CONSTANT_CONVERSION = YES;
				CLANG_WARN_DEPRECATED_OBJC_IMPLEMENTATIONS = YES;
				CLANG_WARN_DIRECT_OBJC_ISA_USAGE = YES_ERROR;
				CLANG_WARN_DOCUMENTATION_COMMENTS = YES;
				CLANG_WARN_EMPTY_BODY = YES;
				CLANG_WARN_ENUM_CONVERSION = YES;
				CLANG_WARN_INFINITE_RECURSION = YES;
				CLANG_WARN_INT_CONVERSION = YES;
				CLANG_WARN_NON_LITERAL_NULL_CONVERSION = YES;
				CLANG_WARN_OBJC_IMPLICIT_RETAIN_SELF = YES;
				CLANG_WARN_OBJC_LITERAL_CONVERSION = YES;
				CLANG_WARN_OBJC_ROOT_CLASS = YES_ERROR;
				CLANG_WARN_QUOTED_INCLUDE_IN_FRAMEWORK_HEADER = YES;
				CLANG_WARN_RANGE_LOOP_ANALYSIS = YES;
				CLANG_WARN_STRICT_PROTOTYPES = YES;
				CLANG_WARN_SUSPICIOUS_MOVE = YES;
				CLANG_WARN_UNGUARDED_AVAILABILITY = YES_AGGRESSIVE;
				CLANG_WARN_UNREACHABLE_CODE = YES;
				CLANG_WARN__DUPLICATE_METHOD_MATCH = YES;
				COPY_PHASE_STRIP = NO;
				DEBUG_INFORMATION_FORMAT = "dwarf-with-dsym";
				ENABLE_NS_ASSERTIONS = NO;
				ENABLE_STRICT_OBJC_MSGSEND = YES;
				GCC_C_LANGUAGE_STANDARD = gnu11;
				GCC_NO_COMMON_BLOCKS = YES;
				GCC_WARN_64_TO_32_BIT_CONVERSION = YES;
				GCC_WARN_ABOUT_RETURN_TYPE = YES_ERROR;
				GCC_WARN_UNDECLARED_SELECTOR = YES;
				GCC_WARN_UNINITIALIZED_AUTOS = YES_AGGRESSIVE;
				GCC_WARN_UNUSED_FUNCTION = YES;
				GCC_WARN_UNUSED_VARIABLE = YES;
				IPHONEOS_DEPLOYMENT_TARGET = 15.0;
				MTL_ENABLE_DEBUG_INFO = NO;
				MTL_FAST_MATH = YES;
				SDKROOT = iphoneos;
				SWIFT_COMPILATION_MODE = wholemodule;
				SWIFT_OPTIMIZATION_LEVEL = "-O";
				VALIDATE_PRODUCT = YES;
			};
			name = Release;
		};
		FEE42A7D2767DBAF005E2B4D /* Debug */ = {
			isa = XCBuildConfiguration;
			buildSettings = {
				ASSETCATALOG_COMPILER_APPICON_NAME = AppIcon;
				ASSETCATALOG_COMPILER_GLOBAL_ACCENT_COLOR_NAME = AccentColor;
				CODE_SIGN_STYLE = Automatic;
				CURRENT_PROJECT_VERSION = 1;
				DEVELOPMENT_ASSET_PATHS = "\"MetricConverterApp/Preview Content\"";
				DEVELOPMENT_TEAM = VQT5YPYTPZ;
				ENABLE_PREVIEWS = YES;
				GENERATE_INFOPLIST_FILE = YES;
				INFOPLIST_KEY_UIApplicationSceneManifest_Generation = YES;
				INFOPLIST_KEY_UIApplicationSupportsIndirectInputEvents = YES;
				INFOPLIST_KEY_UILaunchScreen_Generation = YES;
				INFOPLIST_KEY_UISupportedInterfaceOrientations_iPad = "UIInterfaceOrientationPortrait UIInterfaceOrientationPortraitUpsideDown UIInterfaceOrientationLandscapeLeft UIInterfaceOrientationLandscapeRight";
				INFOPLIST_KEY_UISupportedInterfaceOrientations_iPhone = "UIInterfaceOrientationPortrait UIInterfaceOrientationLandscapeLeft UIInterfaceOrientationLandscapeRight";
				IPHONEOS_DEPLOYMENT_TARGET = 15.0;
				LD_RUNPATH_SEARCH_PATHS = (
					"$(inherited)",
					"@executable_path/Frameworks",
				);
				MARKETING_VERSION = 1.0;
				PRODUCT_BUNDLE_IDENTIFIER = ca.lukenewbigging.MetricConverterApp;
				PRODUCT_NAME = "$(TARGET_NAME)";
				SWIFT_EMIT_LOC_STRINGS = YES;
				SWIFT_VERSION = 5.0;
				TARGETED_DEVICE_FAMILY = "1,2";
			};
			name = Debug;
		};
		FEE42A7E2767DBAF005E2B4D /* Release */ = {
			isa = XCBuildConfiguration;
			buildSettings = {
				ASSETCATALOG_COMPILER_APPICON_NAME = AppIcon;
				ASSETCATALOG_COMPILER_GLOBAL_ACCENT_COLOR_NAME = AccentColor;
				CODE_SIGN_STYLE = Automatic;
				CURRENT_PROJECT_VERSION = 1;
				DEVELOPMENT_ASSET_PATHS = "\"MetricConverterApp/Preview Content\"";
				DEVELOPMENT_TEAM = VQT5YPYTPZ;
				ENABLE_PREVIEWS = YES;
				GENERATE_INFOPLIST_FILE = YES;
				INFOPLIST_KEY_UIApplicationSceneManifest_Generation = YES;
				INFOPLIST_KEY_UIApplicationSupportsIndirectInputEvents = YES;
				INFOPLIST_KEY_UILaunchScreen_Generation = YES;
				INFOPLIST_KEY_UISupportedInterfaceOrientations_iPad = "UIInterfaceOrientationPortrait UIInterfaceOrientationPortraitUpsideDown UIInterfaceOrientationLandscapeLeft UIInterfaceOrientationLandscapeRight";
				INFOPLIST_KEY_UISupportedInterfaceOrientations_iPhone = "UIInterfaceOrientationPortrait UIInterfaceOrientationLandscapeLeft UIInterfaceOrientationLandscapeRight";
				IPHONEOS_DEPLOYMENT_TARGET = 15.0;
				LD_RUNPATH_SEARCH_PATHS = (
					"$(inherited)",
					"@executable_path/Frameworks",
				);
				MARKETING_VERSION = 1.0;
				PRODUCT_BUNDLE_IDENTIFIER = ca.lukenewbigging.MetricConverterApp;
				PRODUCT_NAME = "$(TARGET_NAME)";
				SWIFT_EMIT_LOC_STRINGS = YES;
				SWIFT_VERSION = 5.0;
				TARGETED_DEVICE_FAMILY = "1,2";
			};
			name = Release;
		};
/* End XCBuildConfiguration section */

/* Begin XCConfigurationList section */
		FEE42A692767DBA6005E2B4D /* Build configuration list for PBXProject "MetricConverterApp" */ = {
			isa = XCConfigurationList;
			buildConfigurations = (
				FEE42A7A2767DBAF005E2B4D /* Debug */,
				FEE42A7B2767DBAF005E2B4D /* Release */,
			);
			defaultConfigurationIsVisible = 0;
			defaultConfigurationName = Release;
		};
		FEE42A7C2767DBAF005E2B4D /* Build configuration list for PBXNativeTarget "MetricConverterApp" */ = {
			isa = XCConfigurationList;
			buildConfigurations = (
				FEE42A7D2767DBAF005E2B4D /* Debug */,
				FEE42A7E2767DBAF005E2B4D /* Release */,
			);
			defaultConfigurationIsVisible = 0;
			defaultConfigurationName = Release;
		};
/* End XCConfigurationList section */
	};
	rootObject = FEE42A662767DBA6005E2B4D /* Project object */;
}
